
Microsoft Visual Studio Solution File, Format Version 12.00
Project("{FAE04EC0-301F-11D3-BF4B-00C04F79EFBC}") = "ODrive.Sharp.Application", "ODrive.Sharp.Application\ODrive.Sharp.Application.csproj", "{CE259BB7-D66A-40B8-BAA2-6BBCEBE10FA0}"
EndProject
Project("{FAE04EC0-301F-11D3-BF4B-00C04F79EFBC}") = "ODrive.Sharp.Gtk", "ODrive.Sharp.Gtk\ODrive.Sharp.Gtk.csproj", "{55B57CB0-623B-458A-BAB7-1A5E14B005F1}"
EndProject
Global
	GlobalSection(SolutionConfigurationPlatforms) = preSolution
		Debug|Any CPU = Debug|Any CPU
		Release|Any CPU = Release|Any CPU
	EndGlobalSection
	GlobalSection(ProjectConfigurationPlatforms) = postSolution
		{CE259BB7-D66A-40B8-BAA2-6BBCEBE10FA0}.Debug|Any CPU.ActiveCfg = Debug|Any CPU
		{CE259BB7-D66A-40B8-BAA2-6BBCEBE10FA0}.Debug|Any CPU.Build.0 = Debug|Any CPU
		{CE259BB7-D66A-40B8-BAA2-6BBCEBE10FA0}.Release|Any CPU.ActiveCfg = Release|Any CPU
		{CE259BB7-D66A-40B8-BAA2-6BBCEBE10FA0}.Release|Any CPU.Build.0 = Release|Any CPU
		{55B57CB0-623B-458A-BAB7-1A5E14B005F1}.Debug|Any CPU.ActiveCfg = Debug|Any CPU
		{55B57CB0-623B-458A-BAB7-1A5E14B005F1}.Debug|Any CPU.Build.0 = Debug|Any CPU
		{55B57CB0-623B-458A-BAB7-1A5E14B005F1}.Release|Any CPU.ActiveCfg = Release|Any CPU
		{55B57CB0-623B-458A-BAB7-1A5E14B005F1}.Release|Any CPU.Build.0 = Release|Any CPU
	EndGlobalSection
EndGlobal
